// !$*UTF8*$!
{
	archiveVersion = 1;
	classes = {
	};
	objectVersion = 46;
	objects = {

/* Begin PBXBuildFile section */
		07796B981C7220C3002B3319 /* AppDelegate.swift in Sources */ = {isa = PBXBuildFile; fileRef = 07796B971C7220C3002B3319 /* AppDelegate.swift */; };
		07796B9A1C7220C3002B3319 /* ViewController.swift in Sources */ = {isa = PBXBuildFile; fileRef = 07796B991C7220C3002B3319 /* ViewController.swift */; };
		07796B9D1C7220C3002B3319 /* Main.storyboard in Resources */ = {isa = PBXBuildFile; fileRef = 07796B9B1C7220C3002B3319 /* Main.storyboard */; };
		07796B9F1C7220C3002B3319 /* Assets.xcassets in Resources */ = {isa = PBXBuildFile; fileRef = 07796B9E1C7220C3002B3319 /* Assets.xcassets */; };
		07796BA21C7220C3002B3319 /* LaunchScreen.storyboard in Resources */ = {isa = PBXBuildFile; fileRef = 07796BA01C7220C3002B3319 /* LaunchScreen.storyboard */; };
		07796BAA1C7220EA002B3319 /* Datos.swift in Sources */ = {isa = PBXBuildFile; fileRef = 07796BA91C7220EA002B3319 /* Datos.swift */; };
/* End PBXBuildFile section */

/* Begin PBXFileReference section */
		07796B941C7220C3002B3319 /* Hamburguesa.app */ = {isa = PBXFileReference; explicitFileType = wrapper.application; includeInIndex = 0; path = Hamburguesa.app; sourceTree = BUILT_PRODUCTS_DIR; };
		07796B971C7220C3002B3319 /* AppDelegate.swift */ = {isa = PBXFileReference; lastKnownFileType = sourcecode.swift; path = AppDelegate.swift; sourceTree = "<group>"; };
		07796B991C7220C3002B3319 /* ViewController.swift */ = {isa = PBXFileReference; lastKnownFileType = sourcecode.swift; path = ViewController.swift; sourceTree = "<group>"; };
		07796B9C1C7220C3002B3319 /* Base */ = {isa = PBXFileReference; lastKnownFileType = file.storyboard; name = Base; path = Base.lproj/Main.storyboard; sourceTree = "<group>"; };
		07796B9E1C7220C3002B3319 /* Assets.xcassets */ = {isa = PBXFileReference; lastKnownFileType = folder.assetcatalog; path = Assets.xcassets; sourceTree = "<group>"; };
		07796BA11C7220C3002B3319 /* Base */ = {isa = PBXFileReference; lastKnownFileType = file.storyboard; name = Base; path = Base.lproj/LaunchScreen.storyboard; sourceTree = "<group>"; };
		07796BA31C7220C3002B3319 /* Info.plist */ = {isa = PBXFileReference; lastKnownFileType = text.plist.xml; path = Info.plist; sourceTree = "<group>"; };
		07796BA91C7220EA002B3319 /* Datos.swift */ = {isa = PBXFileReference; fileEncoding = 4; lastKnownFileType = sourcecode.swift; path = Datos.swift; sourceTree = "<group>"; };
/* End PBXFileReference section */

/* Begin PBXFrameworksBuildPhase section */
		07796B911C7220C3002B3319 /* Frameworks */ = {
			isa = PBXFrameworksBuildPhase;
			buildActionMask = 2147483647;
			files = (
			);
			runOnlyForDeploymentPostprocessing = 0;
		};
/* End PBXFrameworksBuildPhase section */

/* Begin PBXGroup section */
		07796B8B1C7220C3002B3319 = {
			isa = PBXGroup;
			children = (
				07796B961C7220C3002B3319 /* Hamburguesa */,
				07796B951C7220C3002B3319 /* Products */,
			);
			sourceTree = "<group>";
		};
		07796B951C7220C3002B3319 /* Products */ = {
			isa = PBXGroup;
			children = (
				07796B941C7220C3002B3319 /* Hamburguesa.app */,
			);
			name = Products;
			sourceTree = "<group>";
		};
		07796B961C7220C3002B3319 /* Hamburguesa */ = {
			isa = PBXGroup;
			children = (
				07796B971C7220C3002B3319 /* AppDelegate.swift */,
				07796B991C7220C3002B3319 /* ViewController.swift */,
				07796B9B1C7220C3002B3319 /* Main.storyboard */,
				07796B9E1C7220C3002B3319 /* Assets.xcassets */,
				07796BA01C7220C3002B3319 /* LaunchScreen.storyboard */,
				07796BA91C7220EA002B3319 /* Datos.swift */,
				07796BA31C7220C3002B3319 /* Info.plist */,
			);
			path = Hamburguesa;
			sourceTree = "<group>";
		};
/* End PBXGroup section */

/* Begin PBXNativeTarget section */
		07796B931C7220C3002B3319 /* Hamburguesa */ = {
			isa = PBXNativeTarget;
			buildConfigurationList = 07796BA61C7220C3002B3319 /* Build configuration list for PBXNativeTarget "Hamburguesa" */;
			buildPhases = (
				07796B901C7220C3002B3319 /* Sources */,
				07796B911C7220C3002B3319 /* Frameworks */,
				07796B921C7220C3002B3319 /* Resources */,
			);
			buildRules = (
			);
			dependencies = (
			);
			name = Hamburguesa;
			productName = Hamburguesa;
			productReference = 07796B941C7220C3002B3319 /* Hamburguesa.app */;
			productType = "com.apple.product-type.application";
		};
/* End PBXNativeTarget section */

/* Begin PBXProject section */
		07796B8C1C7220C3002B3319 /* Project object */ = {
			isa = PBXProject;
			attributes = {
				LastSwiftUpdateCheck = 0720;
				LastUpgradeCheck = 0720;
				ORGANIZATIONNAME = "Carlos Buitrago";
				TargetAttributes = {
					07796B931C7220C3002B3319 = {
						CreatedOnToolsVersion = 7.2.1;
					};
				};
			};
			buildConfigurationList = 07796B8F1C7220C3002B3319 /* Build configuration list for PBXProject "Hamburguesa" */;
			compatibilityVersion = "Xcode 3.2";
			developmentRegion = English;
			hasScannedForEncodings = 0;
			knownRegions = (
				en,
				Base,
			);
			mainGroup = 07796B8B1C7220C3002B3319;
			productRefGroup = 07796B951C7220C3002B3319 /* Products */;
			projectDirPath = "";
			projectRoot = "";
			targets = (
				07796B931C7220C3002B3319 /* Hamburguesa */,
			);
		};
/* End PBXProject section */

/* Begin PBXResourcesBuildPhase section */
		07796B921C7220C3002B3319 /* Resources */ = {
			isa = PBXResourcesBuildPhase;
			buildActionMask = 2147483647;
			files = (
				07796BA21C7220C3002B3319 /* LaunchScreen.storyboard in Resources */,
				07796B9F1C7220C3002B3319 /* Assets.xcassets in Resources */,
				07796B9D1C7220C3002B3319 /* Main.storyboard in Resources */,
			);
			runOnlyForDeploymentPostprocessing = 0;
		};
/* End PBXResourcesBuildPhase section */

/* Begin PBXSourcesBuildPhase section */
		07796B901C7220C3002B3319 /* Sources */ = {
			isa = PBXSourcesBuildPhase;
			buildActionMask = 2147483647;
			files = (
				07796B9A1C7220C3002B3319 /* ViewController.swift in Sources */,
				07796B981C7220C3002B3319 /* AppDelegate.swift in Sources */,
				07796BAA1C7220EA002B3319 /* Datos.swift in Sources */,
			);
			runOnlyForDeploymentPostprocessing = 0;
		};
/* End PBXSourcesBuildPhase section */

/* Begin PBXVariantGroup section */
		07796B9B1C7220C3002B3319 /* Main.storyboard */ = {
			isa = PBXVariantGroup;
			children = (
				07796B9C1C7220C3002B3319 /* Base */,
			);
			name = Main.storyboard;
			sourceTree = "<group>";
		};
		07796BA01C7220C3002B3319 /* LaunchScreen.storyboard */ = {
			isa = PBXVariantGroup;
			children = (
				07796BA11C7220C3002B3319 /* Base */,
			);
			name = LaunchScreen.storyboard;
			sourceTree = "<group>";
		};
/* End PBXVariantGroup section */

/* Begin XCBuildConfiguration section */
		07796BA41C7220C3002B3319 /* Debug */ = {
			isa = XCBuildConfiguration;
			buildSettings = {
				ALWAYS_SEARCH_USER_PATHS = NO;
				CLANG_CXX_LANGUAGE_STANDARD = "gnu++0x";
				CLANG_CXX_LIBRARY = "libc++";
				CLANG_ENABLE_MODULES = YES;
				CLANG_ENABLE_OBJC_ARC = YES;
				CLANG_WARN_BOOL_CONVERSION = YES;
				CLANG_WARN_CONSTANT_CONVERSION = YES;
				CLANG_WARN_DIRECT_OBJC_ISA_USAGE = YES_ERROR;
				CLANG_WARN_EMPTY_BODY = YES;
				CLANG_WARN_ENUM_CONVERSION = YES;
				CLANG_WARN_INT_CONVERSION = YES;
				CLANG_WARN_OBJC_ROOT_CLASS = YES_ERROR;
				CLANG_WARN_UNREACHABLE_CODE = YES;
				CLANG_WARN__DUPLICATE_METHOD_MATCH = YES;
				"CODE_SIGN_IDENTITY[sdk=iphoneos*]" = "iPhone Developer";
				COPY_PHASE_STRIP = NO;
				DEBUG_INFORMATION_FORMAT = dwarf;
				ENABLE_STRICT_OBJC_MSGSEND = YES;
				ENABLE_TESTABILITY = YES;
				GCC_C_LANGUAGE_STANDARD = gnu99;
				GCC_DYNAMIC_NO_PIC = NO;
				GCC_NO_COMMON_BLOCKS = YES;
				GCC_OPTIMIZATION_LEVEL = 0;
				GCC_PREPROCESSOR_DEFINITIONS = (
					"DEBUG=1",
					"$(inherited)",
				);
				GCC_WARN_64_TO_32_BIT_CONVERSION = YES;
				GCC_WARN_ABOUT_RETURN_TYPE = YES_ERROR;
				GCC_WARN_UNDECLARED_SELECTOR = YES;
				GCC_WARN_UNINITIALIZED_AUTOS = YES_AGGRESSIVE;
				GCC_WARN_UNUSED_FUNCTION = YES;
				GCC_WARN_UNUSED_VARIABLE = YES;
				IPHONEOS_DEPLOYMENT_TARGET = 9.2;
				MTL_ENABLE_DEBUG_INFO = YES;
				ONLY_ACTIVE_ARCH = YES;
				SDKROOT = iphoneos;
				SWIFT_OPTIMIZATION_LEVEL = "-Onone";
			};
			name = Debug;
		};
		07796BA51C7220C3002B3319 /* Release */ = {
			isa = XCBuildConfiguration;
			buildSettings = {
				ALWAYS_SEARCH_USER_PATHS = NO;
				CLANG_CXX_LANGUAGE_STANDARD = "gnu++0x";
				CLANG_CXX_LIBRARY = "libc++";
				CLANG_ENABLE_MODULES = YES;
				CLANG_ENABLE_OBJC_ARC = YES;
				CLANG_WARN_BOOL_CONVERSION = YES;
				CLANG_WARN_CONSTANT_CONVERSION = YES;
				CLANG_WARN_DIRECT_OBJC_ISA_USAGE = YES_ERROR;
				CLANG_WARN_EMPTY_BODY = YES;
				CLANG_WARN_ENUM_CONVERSION = YES;
				CLANG_WARN_INT_CONVERSION = YES;
				CLANG_WARN_OBJC_ROOT_CLASS = YES_ERROR;
				CLANG_WARN_UNREACHABLE_CODE = YES;
				CLANG_WARN__DUPLICATE_METHOD_MATCH = YES;
				"CODE_SIGN_IDENTITY[sdk=iphoneos*]" = "iPhone Developer";
				COPY_PHASE_STRIP = NO;
				DEBUG_INFORMATION_FORMAT = "dwarf-with-dsym";
				ENABLE_NS_ASSERTIONS = NO;
				ENABLE_STRICT_OBJC_MSGSEND = YES;
				GCC_C_LANGUAGE_STANDARD = gnu99;
				GCC_NO_COMMON_BLOCKS = YES;
				GCC_WARN_64_TO_32_BIT_CONVERSION = YES;
				GCC_WARN_ABOUT_RETURN_TYPE = YES_ERROR;
				GCC_WARN_UNDECLARED_SELECTOR = YES;
				GCC_WARN_UNINITIALIZED_AUTOS = YES_AGGRESSIVE;
				GCC_WARN_UNUSED_FUNCTION = YES;
				GCC_WARN_UNUSED_VARIABLE = YES;
				IPHONEOS_DEPLOYMENT_TARGET = 9.2;
				MTL_ENABLE_DEBUG_INFO = NO;
				SDKROOT = iphoneos;
				VALIDATE_PRODUCT = YES;
			};
			name = Release;
		};
		07796BA71C7220C3002B3319 /* Debug */ = {
			isa = XCBuildConfiguration;
			buildSettings = {
				ASSETCATALOG_COMPILER_APPICON_NAME = AppIcon;
				INFOPLIST_FILE = Hamburguesa/Info.plist;
				LD_RUNPATH_SEARCH_PATHS = "$(inherited) @executable_path/Frameworks";
				PRODUCT_BUNDLE_IDENTIFIER = CB.Hamburguesa;
				PRODUCT_NAME = "$(TARGET_NAME)";
			};
			name = Debug;
		};
		07796BA81C7220C3002B3319 /* Release */ = {
			isa = XCBuildConfiguration;
			buildSettings = {
				ASSETCATALOG_COMPILER_APPICON_NAME = AppIcon;
				INFOPLIST_FILE = Hamburguesa/Info.plist;
				LD_RUNPATH_SEARCH_PATHS = "$(inherited) @executable_path/Frameworks";
				PRODUCT_BUNDLE_IDENTIFIER = CB.Hamburguesa;
				PRODUCT_NAME = "$(TARGET_NAME)";
			};
			name = Release;
		};
/* End XCBuildConfiguration section */

/* Begin XCConfigurationList section */
		07796B8F1C7220C3002B3319 /* Build configuration list for PBXProject "Hamburguesa" */ = {
			isa = XCConfigurationList;
			buildConfigurations = (
				07796BA41C7220C3002B3319 /* Debug */,
				07796BA51C7220C3002B3319 /* Release */,
			);
			defaultConfigurationIsVisible = 0;
			defaultConfigurationName = Release;
		};
		07796BA61C7220C3002B3319 /* Build configuration list for PBXNativeTarget "Hamburguesa" */ = {
			isa = XCConfigurationList;
			buildConfigurations = (
				07796BA71C7220C3002B3319 /* Debug */,
				07796BA81C7220C3002B3319 /* Release */,
			);
			defaultConfigurationIsVisible = 0;
		};
/* End XCConfigurationList section */
	};
	rootObject = 07796B8C1C7220C3002B3319 /* Project object */;
}
